
Microsoft Visual Studio Solution File, Format Version 12.00
# Visual Studio Version 16
VisualStudioVersion = 16.0.30011.22
MinimumVisualStudioVersion = 10.0.40219.1
Project("{FAE04EC0-301F-11D3-BF4B-00C04F79EFBC}") = "Uplift", "Uplift\Uplift.csproj", "{0E1FC859-D973-4504-B754-338F93BE9711}"
EndProject
Project("{FAE04EC0-301F-11D3-BF4B-00C04F79EFBC}") = "Uplift.DataAccess", "Uplift.DataAccess\Uplift.DataAccess.csproj", "{DB17E26D-CE1C-4F4D-8E12-6EEDB262559A}"
EndProject
Project("{FAE04EC0-301F-11D3-BF4B-00C04F79EFBC}") = "Uplift.Models", "Uplift.Models\Uplift.Models.csproj", "{EFC3622F-5DA1-4541-A3ED-000706397DED}"
EndProject
Project("{FAE04EC0-301F-11D3-BF4B-00C04F79EFBC}") = "Uplift.Utility", "Uplift.Utility\Uplift.Utility.csproj", "{228369B0-C456-4697-A61A-39F4D154A2F6}"
EndProject
Global
	GlobalSection(SolutionConfigurationPlatforms) = preSolution
		Debug|Any CPU = Debug|Any CPU
		Release|Any CPU = Release|Any CPU
	EndGlobalSection
	GlobalSection(ProjectConfigurationPlatforms) = postSolution
		{0E1FC859-D973-4504-B754-338F93BE9711}.Debug|Any CPU.ActiveCfg = Debug|Any CPU
		{0E1FC859-D973-4504-B754-338F93BE9711}.Debug|Any CPU.Build.0 = Debug|Any CPU
		{0E1FC859-D973-4504-B754-338F93BE9711}.Release|Any CPU.ActiveCfg = Release|Any CPU
		{0E1FC859-D973-4504-B754-338F93BE9711}.Release|Any CPU.Build.0 = Release|Any CPU
		{DB17E26D-CE1C-4F4D-8E12-6EEDB262559A}.Debug|Any CPU.ActiveCfg = Debug|Any CPU
		{DB17E26D-CE1C-4F4D-8E12-6EEDB262559A}.Debug|Any CPU.Build.0 = Debug|Any CPU
		{DB17E26D-CE1C-4F4D-8E12-6EEDB262559A}.Release|Any CPU.ActiveCfg = Release|Any CPU
		{DB17E26D-CE1C-4F4D-8E12-6EEDB262559A}.Release|Any CPU.Build.0 = Release|Any CPU
		{EFC3622F-5DA1-4541-A3ED-000706397DED}.Debug|Any CPU.ActiveCfg = Debug|Any CPU
		{EFC3622F-5DA1-4541-A3ED-000706397DED}.Debug|Any CPU.Build.0 = Debug|Any CPU
		{EFC3622F-5DA1-4541-A3ED-000706397DED}.Release|Any CPU.ActiveCfg = Release|Any CPU
		{EFC3622F-5DA1-4541-A3ED-000706397DED}.Release|Any CPU.Build.0 = Release|Any CPU
		{228369B0-C456-4697-A61A-39F4D154A2F6}.Debug|Any CPU.ActiveCfg = Debug|Any CPU
		{228369B0-C456-4697-A61A-39F4D154A2F6}.Debug|Any CPU.Build.0 = Debug|Any CPU
		{228369B0-C456-4697-A61A-39F4D154A2F6}.Release|Any CPU.ActiveCfg = Release|Any CPU
		{228369B0-C456-4697-A61A-39F4D154A2F6}.Release|Any CPU.Build.0 = Release|Any CPU
	EndGlobalSection
	GlobalSection(SolutionProperties) = preSolution
		HideSolutionNode = FALSE
	EndGlobalSection
	GlobalSection(ExtensibilityGlobals) = postSolution
		SolutionGuid = {273DA18B-5B43-4438-861E-5B6DD06AAAE0}
	EndGlobalSection
EndGlobal
